
Microsoft Visual Studio Solution File, Format Version 12.00
# Visual Studio Version 17
VisualStudioVersion = 17.4.33213.308
MinimumVisualStudioVersion = 10.0.40219.1
Project("{FAE04EC0-301F-11D3-BF4B-00C04F79EFBC}") = "MaxMethod-UC5", "MaxMethod-UC5\MaxMethod-UC5.csproj", "{E3118AC5-C796-4813-BDFE-888B662BCE21}"
EndProject
Global
	GlobalSection(SolutionConfigurationPlatforms) = preSolution
		Debug|Any CPU = Debug|Any CPU
		Release|Any CPU = Release|Any CPU
	EndGlobalSection
	GlobalSection(ProjectConfigurationPlatforms) = postSolution
		{E3118AC5-C796-4813-BDFE-888B662BCE21}.Debug|Any CPU.ActiveCfg = Debug|Any CPU
		{E3118AC5-C796-4813-BDFE-888B662BCE21}.Debug|Any CPU.Build.0 = Debug|Any CPU
		{E3118AC5-C796-4813-BDFE-888B662BCE21}.Release|Any CPU.ActiveCfg = Release|Any CPU
		{E3118AC5-C796-4813-BDFE-888B662BCE21}.Release|Any CPU.Build.0 = Release|Any CPU
	EndGlobalSection
	GlobalSection(SolutionProperties) = preSolution
		HideSolutionNode = FALSE
	EndGlobalSection
	GlobalSection(ExtensibilityGlobals) = postSolution
		SolutionGuid = {94DE79AB-B95E-4619-8059-FAFF4A7513FE}
	EndGlobalSection
EndGlobal
